
Microsoft Visual Studio Solution File, Format Version 12.00
# Visual Studio 15
VisualStudioVersion = 15.0.28307.271
MinimumVisualStudioVersion = 10.0.40219.1
Project("{FAE04EC0-301F-11D3-BF4B-00C04F79EFBC}") = "WebApplication3", "WebApplication3\WebApplication3.csproj", "{2EF10B89-26FE-4FCF-B5CC-E8D76B32A433}"
EndProject
Global
	GlobalSection(SolutionConfigurationPlatforms) = preSolution
		Debug|Any CPU = Debug|Any CPU
		Release|Any CPU = Release|Any CPU
	EndGlobalSection
	GlobalSection(ProjectConfigurationPlatforms) = postSolution
		{2EF10B89-26FE-4FCF-B5CC-E8D76B32A433}.Debug|Any CPU.ActiveCfg = Debug|Any CPU
		{2EF10B89-26FE-4FCF-B5CC-E8D76B32A433}.Debug|Any CPU.Build.0 = Debug|Any CPU
		{2EF10B89-26FE-4FCF-B5CC-E8D76B32A433}.Release|Any CPU.ActiveCfg = Release|Any CPU
		{2EF10B89-26FE-4FCF-B5CC-E8D76B32A433}.Release|Any CPU.Build.0 = Release|Any CPU
	EndGlobalSection
	GlobalSection(SolutionProperties) = preSolution
		HideSolutionNode = FALSE
	EndGlobalSection
	GlobalSection(ExtensibilityGlobals) = postSolution
		SolutionGuid = {857E9693-C289-40D1-B589-C033841F1682}
	EndGlobalSection
EndGlobal
